
Microsoft Visual Studio Solution File, Format Version 12.00
# Visual Studio 2012
Project("{FAE04EC0-301F-11D3-BF4B-00C04F79EFBC}") = "ThakurEscape", "ThakurEscape\ThakurEscape.csproj", "{4851B0EC-D661-4FCA-901D-467402A5DA18}"
EndProject
Global
	GlobalSection(SolutionConfigurationPlatforms) = preSolution
		Android|Any CPU = Android|Any CPU
		Android|ARM = Android|ARM
		Android|x64 = Android|x64
		Android|x86 = Android|x86
		Debug|Any CPU = Debug|Any CPU
		Debug|ARM = Debug|ARM
		Debug|x64 = Debug|x64
		Debug|x86 = Debug|x86
		iOS|Any CPU = iOS|Any CPU
		iOS|ARM = iOS|ARM
		iOS|x64 = iOS|x64
		iOS|x86 = iOS|x86
		Linux|Any CPU = Linux|Any CPU
		Linux|ARM = Linux|ARM
		Linux|x64 = Linux|x64
		Linux|x86 = Linux|x86
		OSX|Any CPU = OSX|Any CPU
		OSX|ARM = OSX|ARM
		OSX|x64 = OSX|x64
		OSX|x86 = OSX|x86
		PSM|Any CPU = PSM|Any CPU
		PSM|ARM = PSM|ARM
		PSM|x64 = PSM|x64
		PSM|x86 = PSM|x86
		Release|Any CPU = Release|Any CPU
		Release|ARM = Release|ARM
		Release|x64 = Release|x64
		Release|x86 = Release|x86
		Windows|Any CPU = Windows|Any CPU
		Windows|ARM = Windows|ARM
		Windows|x64 = Windows|x64
		Windows|x86 = Windows|x86
		Windows8|Any CPU = Windows8|Any CPU
		Windows8|ARM = Windows8|ARM
		Windows8|x64 = Windows8|x64
		Windows8|x86 = Windows8|x86
	EndGlobalSection
	GlobalSection(ProjectConfigurationPlatforms) = postSolution
		{4851B0EC-D661-4FCA-901D-467402A5DA18}.Android|Any CPU.ActiveCfg = Release|Any CPU
		{4851B0EC-D661-4FCA-901D-467402A5DA18}.Android|Any CPU.Build.0 = Release|Any CPU
		{4851B0EC-D661-4FCA-901D-467402A5DA18}.Android|Any CPU.Deploy.0 = Release|Any CPU
		{4851B0EC-D661-4FCA-901D-467402A5DA18}.Android|ARM.ActiveCfg = Release|ARM
		{4851B0EC-D661-4FCA-901D-467402A5DA18}.Android|ARM.Build.0 = Release|ARM
		{4851B0EC-D661-4FCA-901D-467402A5DA18}.Android|ARM.Deploy.0 = Release|ARM
		{4851B0EC-D661-4FCA-901D-467402A5DA18}.Android|x64.ActiveCfg = Release|x64
		{4851B0EC-D661-4FCA-901D-467402A5DA18}.Android|x64.Build.0 = Release|x64
		{4851B0EC-D661-4FCA-901D-467402A5DA18}.Android|x64.Deploy.0 = Release|x64
		{4851B0EC-D661-4FCA-901D-467402A5DA18}.Android|x86.ActiveCfg = Release|x86
		{4851B0EC-D661-4FCA-901D-467402A5DA18}.Android|x86.Build.0 = Release|x86
		{4851B0EC-D661-4FCA-901D-467402A5DA18}.Android|x86.Deploy.0 = Release|x86
		{4851B0EC-D661-4FCA-901D-467402A5DA18}.Debug|Any CPU.ActiveCfg = Debug|Any CPU
		{4851B0EC-D661-4FCA-901D-467402A5DA18}.Debug|Any CPU.Build.0 = Debug|Any CPU
		{4851B0EC-D661-4FCA-901D-467402A5DA18}.Debug|Any CPU.Deploy.0 = Debug|Any CPU
		{4851B0EC-D661-4FCA-901D-467402A5DA18}.Debug|ARM.ActiveCfg = Debug|ARM
		{4851B0EC-D661-4FCA-901D-467402A5DA18}.Debug|ARM.Build.0 = Debug|ARM
		{4851B0EC-D661-4FCA-901D-467402A5DA18}.Debug|ARM.Deploy.0 = Debug|ARM
		{4851B0EC-D661-4FCA-901D-467402A5DA18}.Debug|x64.ActiveCfg = Debug|x64
		{4851B0EC-D661-4FCA-901D-467402A5DA18}.Debug|x64.Build.0 = Debug|x64
		{4851B0EC-D661-4FCA-901D-467402A5DA18}.Debug|x64.Deploy.0 = Debug|x64
		{4851B0EC-D661-4FCA-901D-467402A5DA18}.Debug|x86.ActiveCfg = Debug|x86
		{4851B0EC-D661-4FCA-901D-467402A5DA18}.Debug|x86.Build.0 = Debug|x86
		{4851B0EC-D661-4FCA-901D-467402A5DA18}.Debug|x86.Deploy.0 = Debug|x86
		{4851B0EC-D661-4FCA-901D-467402A5DA18}.iOS|Any CPU.ActiveCfg = Release|Any CPU
		{4851B0EC-D661-4FCA-901D-467402A5DA18}.iOS|Any CPU.Build.0 = Release|Any CPU
		{4851B0EC-D661-4FCA-901D-467402A5DA18}.iOS|Any CPU.Deploy.0 = Release|Any CPU
		{4851B0EC-D661-4FCA-901D-467402A5DA18}.iOS|ARM.ActiveCfg = Release|ARM
		{4851B0EC-D661-4FCA-901D-467402A5DA18}.iOS|ARM.Build.0 = Release|ARM
		{4851B0EC-D661-4FCA-901D-467402A5DA18}.iOS|ARM.Deploy.0 = Release|ARM
		{4851B0EC-D661-4FCA-901D-467402A5DA18}.iOS|x64.ActiveCfg = Release|x64
		{4851B0EC-D661-4FCA-901D-467402A5DA18}.iOS|x64.Build.0 = Release|x64
		{4851B0EC-D661-4FCA-901D-467402A5DA18}.iOS|x64.Deploy.0 = Release|x64
		{4851B0EC-D661-4FCA-901D-467402A5DA18}.iOS|x86.ActiveCfg = Release|x86
		{4851B0EC-D661-4FCA-901D-467402A5DA18}.iOS|x86.Build.0 = Release|x86
		{4851B0EC-D661-4FCA-901D-467402A5DA18}.iOS|x86.Deploy.0 = Release|x86
		{4851B0EC-D661-4FCA-901D-467402A5DA18}.Linux|Any CPU.ActiveCfg = Release|Any CPU
		{4851B0EC-D661-4FCA-901D-467402A5DA18}.Linux|Any CPU.Build.0 = Release|Any CPU
		{4851B0EC-D661-4FCA-901D-467402A5DA18}.Linux|Any CPU.Deploy.0 = Release|Any CPU
		{4851B0EC-D661-4FCA-901D-467402A5DA18}.Linux|ARM.ActiveCfg = Release|ARM
		{4851B0EC-D661-4FCA-901D-467402A5DA18}.Linux|ARM.Build.0 = Release|ARM
		{4851B0EC-D661-4FCA-901D-467402A5DA18}.Linux|ARM.Deploy.0 = Release|ARM
		{4851B0EC-D661-4FCA-901D-467402A5DA18}.Linux|x64.ActiveCfg = Release|x64
		{4851B0EC-D661-4FCA-901D-467402A5DA18}.Linux|x64.Build.0 = Release|x64
		{4851B0EC-D661-4FCA-901D-467402A5DA18}.Linux|x64.Deploy.0 = Release|x64
		{4851B0EC-D661-4FCA-901D-467402A5DA18}.Linux|x86.ActiveCfg = Release|x86
		{4851B0EC-D661-4FCA-901D-467402A5DA18}.Linux|x86.Build.0 = Release|x86
		{4851B0EC-D661-4FCA-901D-467402A5DA18}.Linux|x86.Deploy.0 = Release|x86
		{4851B0EC-D661-4FCA-901D-467402A5DA18}.OSX|Any CPU.ActiveCfg = Release|Any CPU
		{4851B0EC-D661-4FCA-901D-467402A5DA18}.OSX|Any CPU.Build.0 = Release|Any CPU
		{4851B0EC-D661-4FCA-901D-467402A5DA18}.OSX|Any CPU.Deploy.0 = Release|Any CPU
		{4851B0EC-D661-4FCA-901D-467402A5DA18}.OSX|ARM.ActiveCfg = Release|ARM
		{4851B0EC-D661-4FCA-901D-467402A5DA18}.OSX|ARM.Build.0 = Release|ARM
		{4851B0EC-D661-4FCA-901D-467402A5DA18}.OSX|ARM.Deploy.0 = Release|ARM
		{4851B0EC-D661-4FCA-901D-467402A5DA18}.OSX|x64.ActiveCfg = Release|x64
		{4851B0EC-D661-4FCA-901D-467402A5DA18}.OSX|x64.Build.0 = Release|x64
		{4851B0EC-D661-4FCA-901D-467402A5DA18}.OSX|x64.Deploy.0 = Release|x64
		{4851B0EC-D661-4FCA-901D-467402A5DA18}.OSX|x86.ActiveCfg = Release|x86
		{4851B0EC-D661-4FCA-901D-467402A5DA18}.OSX|x86.Build.0 = Release|x86
		{4851B0EC-D661-4FCA-901D-467402A5DA18}.OSX|x86.Deploy.0 = Release|x86
		{4851B0EC-D661-4FCA-901D-467402A5DA18}.PSM|Any CPU.ActiveCfg = Release|Any CPU
		{4851B0EC-D661-4FCA-901D-467402A5DA18}.PSM|Any CPU.Build.0 = Release|Any CPU
		{4851B0EC-D661-4FCA-901D-467402A5DA18}.PSM|Any CPU.Deploy.0 = Release|Any CPU
		{4851B0EC-D661-4FCA-901D-467402A5DA18}.PSM|ARM.ActiveCfg = Release|ARM
		{4851B0EC-D661-4FCA-901D-467402A5DA18}.PSM|ARM.Build.0 = Release|ARM
		{4851B0EC-D661-4FCA-901D-467402A5DA18}.PSM|ARM.Deploy.0 = Release|ARM
		{4851B0EC-D661-4FCA-901D-467402A5DA18}.PSM|x64.ActiveCfg = Release|x64
		{4851B0EC-D661-4FCA-901D-467402A5DA18}.PSM|x64.Build.0 = Release|x64
		{4851B0EC-D661-4FCA-901D-467402A5DA18}.PSM|x64.Deploy.0 = Release|x64
		{4851B0EC-D661-4FCA-901D-467402A5DA18}.PSM|x86.ActiveCfg = Release|x86
		{4851B0EC-D661-4FCA-901D-467402A5DA18}.PSM|x86.Build.0 = Release|x86
		{4851B0EC-D661-4FCA-901D-467402A5DA18}.PSM|x86.Deploy.0 = Release|x86
		{4851B0EC-D661-4FCA-901D-467402A5DA18}.Release|Any CPU.ActiveCfg = Release|Any CPU
		{4851B0EC-D661-4FCA-901D-467402A5DA18}.Release|Any CPU.Build.0 = Release|Any CPU
		{4851B0EC-D661-4FCA-901D-467402A5DA18}.Release|Any CPU.Deploy.0 = Release|Any CPU
		{4851B0EC-D661-4FCA-901D-467402A5DA18}.Release|ARM.ActiveCfg = Release|ARM
		{4851B0EC-D661-4FCA-901D-467402A5DA18}.Release|ARM.Build.0 = Release|ARM
		{4851B0EC-D661-4FCA-901D-467402A5DA18}.Release|ARM.Deploy.0 = Release|ARM
		{4851B0EC-D661-4FCA-901D-467402A5DA18}.Release|x64.ActiveCfg = Release|x64
		{4851B0EC-D661-4FCA-901D-467402A5DA18}.Release|x64.Build.0 = Release|x64
		{4851B0EC-D661-4FCA-901D-467402A5DA18}.Release|x64.Deploy.0 = Release|x64
		{4851B0EC-D661-4FCA-901D-467402A5DA18}.Release|x86.ActiveCfg = Release|x86
		{4851B0EC-D661-4FCA-901D-467402A5DA18}.Release|x86.Build.0 = Release|x86
		{4851B0EC-D661-4FCA-901D-467402A5DA18}.Release|x86.Deploy.0 = Release|x86
		{4851B0EC-D661-4FCA-901D-467402A5DA18}.Windows|Any CPU.ActiveCfg = Release|Any CPU
		{4851B0EC-D661-4FCA-901D-467402A5DA18}.Windows|Any CPU.Build.0 = Release|Any CPU
		{4851B0EC-D661-4FCA-901D-467402A5DA18}.Windows|Any CPU.Deploy.0 = Release|Any CPU
		{4851B0EC-D661-4FCA-901D-467402A5DA18}.Windows|ARM.ActiveCfg = Release|ARM
		{4851B0EC-D661-4FCA-901D-467402A5DA18}.Windows|ARM.Build.0 = Release|ARM
		{4851B0EC-D661-4FCA-901D-467402A5DA18}.Windows|ARM.Deploy.0 = Release|ARM
		{4851B0EC-D661-4FCA-901D-467402A5DA18}.Windows|x64.ActiveCfg = Release|x64
		{4851B0EC-D661-4FCA-901D-467402A5DA18}.Windows|x64.Build.0 = Release|x64
		{4851B0EC-D661-4FCA-901D-467402A5DA18}.Windows|x64.Deploy.0 = Release|x64
		{4851B0EC-D661-4FCA-901D-467402A5DA18}.Windows|x86.ActiveCfg = Release|x86
		{4851B0EC-D661-4FCA-901D-467402A5DA18}.Windows|x86.Build.0 = Release|x86
		{4851B0EC-D661-4FCA-901D-467402A5DA18}.Windows|x86.Deploy.0 = Release|x86
		{4851B0EC-D661-4FCA-901D-467402A5DA18}.Windows8|Any CPU.ActiveCfg = Release|Any CPU
		{4851B0EC-D661-4FCA-901D-467402A5DA18}.Windows8|Any CPU.Build.0 = Release|Any CPU
		{4851B0EC-D661-4FCA-901D-467402A5DA18}.Windows8|Any CPU.Deploy.0 = Release|Any CPU
		{4851B0EC-D661-4FCA-901D-467402A5DA18}.Windows8|ARM.ActiveCfg = Release|ARM
		{4851B0EC-D661-4FCA-901D-467402A5DA18}.Windows8|ARM.Build.0 = Release|ARM
		{4851B0EC-D661-4FCA-901D-467402A5DA18}.Windows8|ARM.Deploy.0 = Release|ARM
		{4851B0EC-D661-4FCA-901D-467402A5DA18}.Windows8|x64.ActiveCfg = Release|x64
		{4851B0EC-D661-4FCA-901D-467402A5DA18}.Windows8|x64.Build.0 = Release|x64
		{4851B0EC-D661-4FCA-901D-467402A5DA18}.Windows8|x64.Deploy.0 = Release|x64
		{4851B0EC-D661-4FCA-901D-467402A5DA18}.Windows8|x86.ActiveCfg = Release|x86
		{4851B0EC-D661-4FCA-901D-467402A5DA18}.Windows8|x86.Build.0 = Release|x86
		{4851B0EC-D661-4FCA-901D-467402A5DA18}.Windows8|x86.Deploy.0 = Release|x86
	EndGlobalSection
	GlobalSection(SolutionProperties) = preSolution
		HideSolutionNode = FALSE
	EndGlobalSection
EndGlobal
