
Microsoft Visual Studio Solution File, Format Version 12.00
# Visual Studio 15
VisualStudioVersion = 15.0.26730.16
MinimumVisualStudioVersion = 10.0.40219.1
Project("{FAE04EC0-301F-11D3-BF4B-00C04F79EFBC}") = "ThakurEscape.Windows", "ThakurEscape.Windows\ThakurEscape.Windows.csproj", "{35D7C234-DFC6-43D6-B632-0D830975FD73}"
EndProject
Project("{FAE04EC0-301F-11D3-BF4B-00C04F79EFBC}") = "ThakurEscape.Universal", "ThakurEscape.Universal\ThakurEscape.Universal.csproj", "{2114DADE-9C1C-4018-BF20-33A6EB5CC532}"
EndProject
Project("{FAE04EC0-301F-11D3-BF4B-00C04F79EFBC}") = "ThakurEscape.Android", "ThakurEscape.Android\ThakurEscape.Android.csproj", "{0D732920-8A73-449E-913A-891E37ED15DD}"
EndProject
Project("{FAE04EC0-301F-11D3-BF4B-00C04F79EFBC}") = "ThakurEscape.Game", "ThakurEscape.Game\ThakurEscape.Game.csproj", "{AE76E005-31EC-470B-BC0D-D6CAAA0D0F9B}"
EndProject
Global
	GlobalSection(SolutionConfigurationPlatforms) = preSolution
		Android|Any CPU = Android|Any CPU
		Android|ARM = Android|ARM
		Android|Mixed Platforms = Android|Mixed Platforms
		Android|Windows Phone = Android|Windows Phone
		Android|x64 = Android|x64
		Android|x86 = Android|x86
		Debug|Any CPU = Debug|Any CPU
		Debug|ARM = Debug|ARM
		Debug|Mixed Platforms = Debug|Mixed Platforms
		Debug|Windows Phone = Debug|Windows Phone
		Debug|x64 = Debug|x64
		Debug|x86 = Debug|x86
		iOS|Any CPU = iOS|Any CPU
		iOS|ARM = iOS|ARM
		iOS|Mixed Platforms = iOS|Mixed Platforms
		iOS|Windows Phone = iOS|Windows Phone
		iOS|x64 = iOS|x64
		iOS|x86 = iOS|x86
		Linux|Any CPU = Linux|Any CPU
		Linux|ARM = Linux|ARM
		Linux|Mixed Platforms = Linux|Mixed Platforms
		Linux|Windows Phone = Linux|Windows Phone
		Linux|x64 = Linux|x64
		Linux|x86 = Linux|x86
		OSX|Any CPU = OSX|Any CPU
		OSX|ARM = OSX|ARM
		OSX|Mixed Platforms = OSX|Mixed Platforms
		OSX|Windows Phone = OSX|Windows Phone
		OSX|x64 = OSX|x64
		OSX|x86 = OSX|x86
		PSM|Any CPU = PSM|Any CPU
		PSM|ARM = PSM|ARM
		PSM|Mixed Platforms = PSM|Mixed Platforms
		PSM|Windows Phone = PSM|Windows Phone
		PSM|x64 = PSM|x64
		PSM|x86 = PSM|x86
		Release|Any CPU = Release|Any CPU
		Release|ARM = Release|ARM
		Release|Mixed Platforms = Release|Mixed Platforms
		Release|Windows Phone = Release|Windows Phone
		Release|x64 = Release|x64
		Release|x86 = Release|x86
		Windows|Any CPU = Windows|Any CPU
		Windows|ARM = Windows|ARM
		Windows|Mixed Platforms = Windows|Mixed Platforms
		Windows|Windows Phone = Windows|Windows Phone
		Windows|x64 = Windows|x64
		Windows|x86 = Windows|x86
		Windows8|Any CPU = Windows8|Any CPU
		Windows8|ARM = Windows8|ARM
		Windows8|Mixed Platforms = Windows8|Mixed Platforms
		Windows8|Windows Phone = Windows8|Windows Phone
		Windows8|x64 = Windows8|x64
		Windows8|x86 = Windows8|x86
	EndGlobalSection
	GlobalSection(ProjectConfigurationPlatforms) = postSolution
		{35D7C234-DFC6-43D6-B632-0D830975FD73}.Android|Any CPU.ActiveCfg = Release|x86
		{35D7C234-DFC6-43D6-B632-0D830975FD73}.Android|Any CPU.Build.0 = Release|x86
		{35D7C234-DFC6-43D6-B632-0D830975FD73}.Android|ARM.ActiveCfg = Release|x86
		{35D7C234-DFC6-43D6-B632-0D830975FD73}.Android|ARM.Build.0 = Release|x86
		{35D7C234-DFC6-43D6-B632-0D830975FD73}.Android|Mixed Platforms.ActiveCfg = Release|x86
		{35D7C234-DFC6-43D6-B632-0D830975FD73}.Android|Mixed Platforms.Build.0 = Release|x86
		{35D7C234-DFC6-43D6-B632-0D830975FD73}.Android|Windows Phone.ActiveCfg = Release|x86
		{35D7C234-DFC6-43D6-B632-0D830975FD73}.Android|Windows Phone.Build.0 = Release|x86
		{35D7C234-DFC6-43D6-B632-0D830975FD73}.Android|x64.ActiveCfg = Release|x86
		{35D7C234-DFC6-43D6-B632-0D830975FD73}.Android|x64.Build.0 = Release|x86
		{35D7C234-DFC6-43D6-B632-0D830975FD73}.Android|x86.ActiveCfg = Release|x86
		{35D7C234-DFC6-43D6-B632-0D830975FD73}.Android|x86.Build.0 = Release|x86
		{35D7C234-DFC6-43D6-B632-0D830975FD73}.Debug|Any CPU.ActiveCfg = Debug|x86
		{35D7C234-DFC6-43D6-B632-0D830975FD73}.Debug|Any CPU.Build.0 = Debug|x86
		{35D7C234-DFC6-43D6-B632-0D830975FD73}.Debug|ARM.ActiveCfg = Debug|x86
		{35D7C234-DFC6-43D6-B632-0D830975FD73}.Debug|Mixed Platforms.ActiveCfg = Debug|x86
		{35D7C234-DFC6-43D6-B632-0D830975FD73}.Debug|Mixed Platforms.Build.0 = Debug|x86
		{35D7C234-DFC6-43D6-B632-0D830975FD73}.Debug|Windows Phone.ActiveCfg = Debug|x86
		{35D7C234-DFC6-43D6-B632-0D830975FD73}.Debug|x64.ActiveCfg = Debug|x86
		{35D7C234-DFC6-43D6-B632-0D830975FD73}.Debug|x86.ActiveCfg = Debug|x86
		{35D7C234-DFC6-43D6-B632-0D830975FD73}.Debug|x86.Build.0 = Debug|x86
		{35D7C234-DFC6-43D6-B632-0D830975FD73}.iOS|Any CPU.ActiveCfg = Release|x86
		{35D7C234-DFC6-43D6-B632-0D830975FD73}.iOS|Any CPU.Build.0 = Release|x86
		{35D7C234-DFC6-43D6-B632-0D830975FD73}.iOS|ARM.ActiveCfg = Release|x86
		{35D7C234-DFC6-43D6-B632-0D830975FD73}.iOS|ARM.Build.0 = Release|x86
		{35D7C234-DFC6-43D6-B632-0D830975FD73}.iOS|Mixed Platforms.ActiveCfg = Release|x86
		{35D7C234-DFC6-43D6-B632-0D830975FD73}.iOS|Mixed Platforms.Build.0 = Release|x86
		{35D7C234-DFC6-43D6-B632-0D830975FD73}.iOS|Windows Phone.ActiveCfg = Release|x86
		{35D7C234-DFC6-43D6-B632-0D830975FD73}.iOS|Windows Phone.Build.0 = Release|x86
		{35D7C234-DFC6-43D6-B632-0D830975FD73}.iOS|x64.ActiveCfg = Release|x86
		{35D7C234-DFC6-43D6-B632-0D830975FD73}.iOS|x64.Build.0 = Release|x86
		{35D7C234-DFC6-43D6-B632-0D830975FD73}.iOS|x86.ActiveCfg = Release|x86
		{35D7C234-DFC6-43D6-B632-0D830975FD73}.iOS|x86.Build.0 = Release|x86
		{35D7C234-DFC6-43D6-B632-0D830975FD73}.Linux|Any CPU.ActiveCfg = Release|x86
		{35D7C234-DFC6-43D6-B632-0D830975FD73}.Linux|Any CPU.Build.0 = Release|x86
		{35D7C234-DFC6-43D6-B632-0D830975FD73}.Linux|ARM.ActiveCfg = Release|x86
		{35D7C234-DFC6-43D6-B632-0D830975FD73}.Linux|ARM.Build.0 = Release|x86
		{35D7C234-DFC6-43D6-B632-0D830975FD73}.Linux|Mixed Platforms.ActiveCfg = Release|x86
		{35D7C234-DFC6-43D6-B632-0D830975FD73}.Linux|Mixed Platforms.Build.0 = Release|x86
		{35D7C234-DFC6-43D6-B632-0D830975FD73}.Linux|Windows Phone.ActiveCfg = Release|x86
		{35D7C234-DFC6-43D6-B632-0D830975FD73}.Linux|Windows Phone.Build.0 = Release|x86
		{35D7C234-DFC6-43D6-B632-0D830975FD73}.Linux|x64.ActiveCfg = Release|x86
		{35D7C234-DFC6-43D6-B632-0D830975FD73}.Linux|x64.Build.0 = Release|x86
		{35D7C234-DFC6-43D6-B632-0D830975FD73}.Linux|x86.ActiveCfg = Release|x86
		{35D7C234-DFC6-43D6-B632-0D830975FD73}.Linux|x86.Build.0 = Release|x86
		{35D7C234-DFC6-43D6-B632-0D830975FD73}.OSX|Any CPU.ActiveCfg = Release|x86
		{35D7C234-DFC6-43D6-B632-0D830975FD73}.OSX|Any CPU.Build.0 = Release|x86
		{35D7C234-DFC6-43D6-B632-0D830975FD73}.OSX|ARM.ActiveCfg = Release|x86
		{35D7C234-DFC6-43D6-B632-0D830975FD73}.OSX|ARM.Build.0 = Release|x86
		{35D7C234-DFC6-43D6-B632-0D830975FD73}.OSX|Mixed Platforms.ActiveCfg = Release|x86
		{35D7C234-DFC6-43D6-B632-0D830975FD73}.OSX|Mixed Platforms.Build.0 = Release|x86
		{35D7C234-DFC6-43D6-B632-0D830975FD73}.OSX|Windows Phone.ActiveCfg = Release|x86
		{35D7C234-DFC6-43D6-B632-0D830975FD73}.OSX|Windows Phone.Build.0 = Release|x86
		{35D7C234-DFC6-43D6-B632-0D830975FD73}.OSX|x64.ActiveCfg = Release|x86
		{35D7C234-DFC6-43D6-B632-0D830975FD73}.OSX|x64.Build.0 = Release|x86
		{35D7C234-DFC6-43D6-B632-0D830975FD73}.OSX|x86.ActiveCfg = Release|x86
		{35D7C234-DFC6-43D6-B632-0D830975FD73}.OSX|x86.Build.0 = Release|x86
		{35D7C234-DFC6-43D6-B632-0D830975FD73}.PSM|Any CPU.ActiveCfg = Release|x86
		{35D7C234-DFC6-43D6-B632-0D830975FD73}.PSM|Any CPU.Build.0 = Release|x86
		{35D7C234-DFC6-43D6-B632-0D830975FD73}.PSM|ARM.ActiveCfg = Release|x86
		{35D7C234-DFC6-43D6-B632-0D830975FD73}.PSM|ARM.Build.0 = Release|x86
		{35D7C234-DFC6-43D6-B632-0D830975FD73}.PSM|Mixed Platforms.ActiveCfg = Release|x86
		{35D7C234-DFC6-43D6-B632-0D830975FD73}.PSM|Mixed Platforms.Build.0 = Release|x86
		{35D7C234-DFC6-43D6-B632-0D830975FD73}.PSM|Windows Phone.ActiveCfg = Release|x86
		{35D7C234-DFC6-43D6-B632-0D830975FD73}.PSM|Windows Phone.Build.0 = Release|x86
		{35D7C234-DFC6-43D6-B632-0D830975FD73}.PSM|x64.ActiveCfg = Release|x86
		{35D7C234-DFC6-43D6-B632-0D830975FD73}.PSM|x64.Build.0 = Release|x86
		{35D7C234-DFC6-43D6-B632-0D830975FD73}.PSM|x86.ActiveCfg = Release|x86
		{35D7C234-DFC6-43D6-B632-0D830975FD73}.PSM|x86.Build.0 = Release|x86
		{35D7C234-DFC6-43D6-B632-0D830975FD73}.Release|Any CPU.ActiveCfg = Release|x86
		{35D7C234-DFC6-43D6-B632-0D830975FD73}.Release|ARM.ActiveCfg = Release|x86
		{35D7C234-DFC6-43D6-B632-0D830975FD73}.Release|Mixed Platforms.ActiveCfg = Release|x86
		{35D7C234-DFC6-43D6-B632-0D830975FD73}.Release|Mixed Platforms.Build.0 = Release|x86
		{35D7C234-DFC6-43D6-B632-0D830975FD73}.Release|Windows Phone.ActiveCfg = Release|x86
		{35D7C234-DFC6-43D6-B632-0D830975FD73}.Release|x64.ActiveCfg = Release|x86
		{35D7C234-DFC6-43D6-B632-0D830975FD73}.Release|x86.ActiveCfg = Release|x86
		{35D7C234-DFC6-43D6-B632-0D830975FD73}.Release|x86.Build.0 = Release|x86
		{35D7C234-DFC6-43D6-B632-0D830975FD73}.Windows|Any CPU.ActiveCfg = Release|x86
		{35D7C234-DFC6-43D6-B632-0D830975FD73}.Windows|Any CPU.Build.0 = Release|x86
		{35D7C234-DFC6-43D6-B632-0D830975FD73}.Windows|ARM.ActiveCfg = Release|x86
		{35D7C234-DFC6-43D6-B632-0D830975FD73}.Windows|ARM.Build.0 = Release|x86
		{35D7C234-DFC6-43D6-B632-0D830975FD73}.Windows|Mixed Platforms.ActiveCfg = Release|x86
		{35D7C234-DFC6-43D6-B632-0D830975FD73}.Windows|Mixed Platforms.Build.0 = Release|x86
		{35D7C234-DFC6-43D6-B632-0D830975FD73}.Windows|Windows Phone.ActiveCfg = Release|x86
		{35D7C234-DFC6-43D6-B632-0D830975FD73}.Windows|Windows Phone.Build.0 = Release|x86
		{35D7C234-DFC6-43D6-B632-0D830975FD73}.Windows|x64.ActiveCfg = Release|x86
		{35D7C234-DFC6-43D6-B632-0D830975FD73}.Windows|x64.Build.0 = Release|x86
		{35D7C234-DFC6-43D6-B632-0D830975FD73}.Windows|x86.ActiveCfg = Release|x86
		{35D7C234-DFC6-43D6-B632-0D830975FD73}.Windows|x86.Build.0 = Release|x86
		{35D7C234-DFC6-43D6-B632-0D830975FD73}.Windows8|Any CPU.ActiveCfg = Release|x86
		{35D7C234-DFC6-43D6-B632-0D830975FD73}.Windows8|Any CPU.Build.0 = Release|x86
		{35D7C234-DFC6-43D6-B632-0D830975FD73}.Windows8|ARM.ActiveCfg = Release|x86
		{35D7C234-DFC6-43D6-B632-0D830975FD73}.Windows8|ARM.Build.0 = Release|x86
		{35D7C234-DFC6-43D6-B632-0D830975FD73}.Windows8|Mixed Platforms.ActiveCfg = Release|x86
		{35D7C234-DFC6-43D6-B632-0D830975FD73}.Windows8|Mixed Platforms.Build.0 = Release|x86
		{35D7C234-DFC6-43D6-B632-0D830975FD73}.Windows8|Windows Phone.ActiveCfg = Release|x86
		{35D7C234-DFC6-43D6-B632-0D830975FD73}.Windows8|Windows Phone.Build.0 = Release|x86
		{35D7C234-DFC6-43D6-B632-0D830975FD73}.Windows8|x64.ActiveCfg = Release|x86
		{35D7C234-DFC6-43D6-B632-0D830975FD73}.Windows8|x64.Build.0 = Release|x86
		{35D7C234-DFC6-43D6-B632-0D830975FD73}.Windows8|x86.ActiveCfg = Release|x86
		{35D7C234-DFC6-43D6-B632-0D830975FD73}.Windows8|x86.Build.0 = Release|x86
		{2114DADE-9C1C-4018-BF20-33A6EB5CC532}.Android|Any CPU.ActiveCfg = Release|x86
		{2114DADE-9C1C-4018-BF20-33A6EB5CC532}.Android|Any CPU.Build.0 = Release|x86
		{2114DADE-9C1C-4018-BF20-33A6EB5CC532}.Android|Any CPU.Deploy.0 = Release|x86
		{2114DADE-9C1C-4018-BF20-33A6EB5CC532}.Android|ARM.ActiveCfg = Release|ARM
		{2114DADE-9C1C-4018-BF20-33A6EB5CC532}.Android|ARM.Build.0 = Release|ARM
		{2114DADE-9C1C-4018-BF20-33A6EB5CC532}.Android|ARM.Deploy.0 = Release|ARM
		{2114DADE-9C1C-4018-BF20-33A6EB5CC532}.Android|Mixed Platforms.ActiveCfg = Release|x86
		{2114DADE-9C1C-4018-BF20-33A6EB5CC532}.Android|Mixed Platforms.Build.0 = Release|x86
		{2114DADE-9C1C-4018-BF20-33A6EB5CC532}.Android|Mixed Platforms.Deploy.0 = Release|x86
		{2114DADE-9C1C-4018-BF20-33A6EB5CC532}.Android|Windows Phone.ActiveCfg = Release|x86
		{2114DADE-9C1C-4018-BF20-33A6EB5CC532}.Android|Windows Phone.Build.0 = Release|x86
		{2114DADE-9C1C-4018-BF20-33A6EB5CC532}.Android|Windows Phone.Deploy.0 = Release|x86
		{2114DADE-9C1C-4018-BF20-33A6EB5CC532}.Android|x64.ActiveCfg = Release|x64
		{2114DADE-9C1C-4018-BF20-33A6EB5CC532}.Android|x64.Build.0 = Release|x64
		{2114DADE-9C1C-4018-BF20-33A6EB5CC532}.Android|x64.Deploy.0 = Release|x64
		{2114DADE-9C1C-4018-BF20-33A6EB5CC532}.Android|x86.ActiveCfg = Release|x86
		{2114DADE-9C1C-4018-BF20-33A6EB5CC532}.Android|x86.Build.0 = Release|x86
		{2114DADE-9C1C-4018-BF20-33A6EB5CC532}.Android|x86.Deploy.0 = Release|x86
		{2114DADE-9C1C-4018-BF20-33A6EB5CC532}.Debug|Any CPU.ActiveCfg = Debug|x86
		{2114DADE-9C1C-4018-BF20-33A6EB5CC532}.Debug|Any CPU.Build.0 = Debug|x86
		{2114DADE-9C1C-4018-BF20-33A6EB5CC532}.Debug|Any CPU.Deploy.0 = Debug|x86
		{2114DADE-9C1C-4018-BF20-33A6EB5CC532}.Debug|ARM.ActiveCfg = Debug|ARM
		{2114DADE-9C1C-4018-BF20-33A6EB5CC532}.Debug|ARM.Build.0 = Debug|ARM
		{2114DADE-9C1C-4018-BF20-33A6EB5CC532}.Debug|ARM.Deploy.0 = Debug|ARM
		{2114DADE-9C1C-4018-BF20-33A6EB5CC532}.Debug|Mixed Platforms.ActiveCfg = Debug|x86
		{2114DADE-9C1C-4018-BF20-33A6EB5CC532}.Debug|Mixed Platforms.Build.0 = Debug|x86
		{2114DADE-9C1C-4018-BF20-33A6EB5CC532}.Debug|Mixed Platforms.Deploy.0 = Debug|x86
		{2114DADE-9C1C-4018-BF20-33A6EB5CC532}.Debug|Windows Phone.ActiveCfg = Debug|x86
		{2114DADE-9C1C-4018-BF20-33A6EB5CC532}.Debug|x64.ActiveCfg = Debug|x64
		{2114DADE-9C1C-4018-BF20-33A6EB5CC532}.Debug|x64.Build.0 = Debug|x64
		{2114DADE-9C1C-4018-BF20-33A6EB5CC532}.Debug|x64.Deploy.0 = Debug|x64
		{2114DADE-9C1C-4018-BF20-33A6EB5CC532}.Debug|x86.ActiveCfg = Debug|x86
		{2114DADE-9C1C-4018-BF20-33A6EB5CC532}.Debug|x86.Build.0 = Debug|x86
		{2114DADE-9C1C-4018-BF20-33A6EB5CC532}.Debug|x86.Deploy.0 = Debug|x86
		{2114DADE-9C1C-4018-BF20-33A6EB5CC532}.iOS|Any CPU.ActiveCfg = Release|x86
		{2114DADE-9C1C-4018-BF20-33A6EB5CC532}.iOS|Any CPU.Build.0 = Release|x86
		{2114DADE-9C1C-4018-BF20-33A6EB5CC532}.iOS|Any CPU.Deploy.0 = Release|x86
		{2114DADE-9C1C-4018-BF20-33A6EB5CC532}.iOS|ARM.ActiveCfg = Release|ARM
		{2114DADE-9C1C-4018-BF20-33A6EB5CC532}.iOS|ARM.Build.0 = Release|ARM
		{2114DADE-9C1C-4018-BF20-33A6EB5CC532}.iOS|ARM.Deploy.0 = Release|ARM
		{2114DADE-9C1C-4018-BF20-33A6EB5CC532}.iOS|Mixed Platforms.ActiveCfg = Release|x86
		{2114DADE-9C1C-4018-BF20-33A6EB5CC532}.iOS|Mixed Platforms.Build.0 = Release|x86
		{2114DADE-9C1C-4018-BF20-33A6EB5CC532}.iOS|Mixed Platforms.Deploy.0 = Release|x86
		{2114DADE-9C1C-4018-BF20-33A6EB5CC532}.iOS|Windows Phone.ActiveCfg = Release|x86
		{2114DADE-9C1C-4018-BF20-33A6EB5CC532}.iOS|Windows Phone.Build.0 = Release|x86
		{2114DADE-9C1C-4018-BF20-33A6EB5CC532}.iOS|Windows Phone.Deploy.0 = Release|x86
		{2114DADE-9C1C-4018-BF20-33A6EB5CC532}.iOS|x64.ActiveCfg = Release|x64
		{2114DADE-9C1C-4018-BF20-33A6EB5CC532}.iOS|x64.Build.0 = Release|x64
		{2114DADE-9C1C-4018-BF20-33A6EB5CC532}.iOS|x64.Deploy.0 = Release|x64
		{2114DADE-9C1C-4018-BF20-33A6EB5CC532}.iOS|x86.ActiveCfg = Release|x86
		{2114DADE-9C1C-4018-BF20-33A6EB5CC532}.iOS|x86.Build.0 = Release|x86
		{2114DADE-9C1C-4018-BF20-33A6EB5CC532}.iOS|x86.Deploy.0 = Release|x86
		{2114DADE-9C1C-4018-BF20-33A6EB5CC532}.Linux|Any CPU.ActiveCfg = Release|x86
		{2114DADE-9C1C-4018-BF20-33A6EB5CC532}.Linux|Any CPU.Build.0 = Release|x86
		{2114DADE-9C1C-4018-BF20-33A6EB5CC532}.Linux|Any CPU.Deploy.0 = Release|x86
		{2114DADE-9C1C-4018-BF20-33A6EB5CC532}.Linux|ARM.ActiveCfg = Release|ARM
		{2114DADE-9C1C-4018-BF20-33A6EB5CC532}.Linux|ARM.Build.0 = Release|ARM
		{2114DADE-9C1C-4018-BF20-33A6EB5CC532}.Linux|ARM.Deploy.0 = Release|ARM
		{2114DADE-9C1C-4018-BF20-33A6EB5CC532}.Linux|Mixed Platforms.ActiveCfg = Release|x86
		{2114DADE-9C1C-4018-BF20-33A6EB5CC532}.Linux|Mixed Platforms.Build.0 = Release|x86
		{2114DADE-9C1C-4018-BF20-33A6EB5CC532}.Linux|Mixed Platforms.Deploy.0 = Release|x86
		{2114DADE-9C1C-4018-BF20-33A6EB5CC532}.Linux|Windows Phone.ActiveCfg = Release|x86
		{2114DADE-9C1C-4018-BF20-33A6EB5CC532}.Linux|Windows Phone.Build.0 = Release|x86
		{2114DADE-9C1C-4018-BF20-33A6EB5CC532}.Linux|Windows Phone.Deploy.0 = Release|x86
		{2114DADE-9C1C-4018-BF20-33A6EB5CC532}.Linux|x64.ActiveCfg = Release|x64
		{2114DADE-9C1C-4018-BF20-33A6EB5CC532}.Linux|x64.Build.0 = Release|x64
		{2114DADE-9C1C-4018-BF20-33A6EB5CC532}.Linux|x64.Deploy.0 = Release|x64
		{2114DADE-9C1C-4018-BF20-33A6EB5CC532}.Linux|x86.ActiveCfg = Release|x86
		{2114DADE-9C1C-4018-BF20-33A6EB5CC532}.Linux|x86.Build.0 = Release|x86
		{2114DADE-9C1C-4018-BF20-33A6EB5CC532}.Linux|x86.Deploy.0 = Release|x86
		{2114DADE-9C1C-4018-BF20-33A6EB5CC532}.OSX|Any CPU.ActiveCfg = Release|x86
		{2114DADE-9C1C-4018-BF20-33A6EB5CC532}.OSX|Any CPU.Build.0 = Release|x86
		{2114DADE-9C1C-4018-BF20-33A6EB5CC532}.OSX|Any CPU.Deploy.0 = Release|x86
		{2114DADE-9C1C-4018-BF20-33A6EB5CC532}.OSX|ARM.ActiveCfg = Release|ARM
		{2114DADE-9C1C-4018-BF20-33A6EB5CC532}.OSX|ARM.Build.0 = Release|ARM
		{2114DADE-9C1C-4018-BF20-33A6EB5CC532}.OSX|ARM.Deploy.0 = Release|ARM
		{2114DADE-9C1C-4018-BF20-33A6EB5CC532}.OSX|Mixed Platforms.ActiveCfg = Release|x86
		{2114DADE-9C1C-4018-BF20-33A6EB5CC532}.OSX|Mixed Platforms.Build.0 = Release|x86
		{2114DADE-9C1C-4018-BF20-33A6EB5CC532}.OSX|Mixed Platforms.Deploy.0 = Release|x86
		{2114DADE-9C1C-4018-BF20-33A6EB5CC532}.OSX|Windows Phone.ActiveCfg = Release|x86
		{2114DADE-9C1C-4018-BF20-33A6EB5CC532}.OSX|Windows Phone.Build.0 = Release|x86
		{2114DADE-9C1C-4018-BF20-33A6EB5CC532}.OSX|Windows Phone.Deploy.0 = Release|x86
		{2114DADE-9C1C-4018-BF20-33A6EB5CC532}.OSX|x64.ActiveCfg = Release|x64
		{2114DADE-9C1C-4018-BF20-33A6EB5CC532}.OSX|x64.Build.0 = Release|x64
		{2114DADE-9C1C-4018-BF20-33A6EB5CC532}.OSX|x64.Deploy.0 = Release|x64
		{2114DADE-9C1C-4018-BF20-33A6EB5CC532}.OSX|x86.ActiveCfg = Release|x86
		{2114DADE-9C1C-4018-BF20-33A6EB5CC532}.OSX|x86.Build.0 = Release|x86
		{2114DADE-9C1C-4018-BF20-33A6EB5CC532}.OSX|x86.Deploy.0 = Release|x86
		{2114DADE-9C1C-4018-BF20-33A6EB5CC532}.PSM|Any CPU.ActiveCfg = Release|x86
		{2114DADE-9C1C-4018-BF20-33A6EB5CC532}.PSM|Any CPU.Build.0 = Release|x86
		{2114DADE-9C1C-4018-BF20-33A6EB5CC532}.PSM|Any CPU.Deploy.0 = Release|x86
		{2114DADE-9C1C-4018-BF20-33A6EB5CC532}.PSM|ARM.ActiveCfg = Release|ARM
		{2114DADE-9C1C-4018-BF20-33A6EB5CC532}.PSM|ARM.Build.0 = Release|ARM
		{2114DADE-9C1C-4018-BF20-33A6EB5CC532}.PSM|ARM.Deploy.0 = Release|ARM
		{2114DADE-9C1C-4018-BF20-33A6EB5CC532}.PSM|Mixed Platforms.ActiveCfg = Release|x86
		{2114DADE-9C1C-4018-BF20-33A6EB5CC532}.PSM|Mixed Platforms.Build.0 = Release|x86
		{2114DADE-9C1C-4018-BF20-33A6EB5CC532}.PSM|Mixed Platforms.Deploy.0 = Release|x86
		{2114DADE-9C1C-4018-BF20-33A6EB5CC532}.PSM|Windows Phone.ActiveCfg = Release|x86
		{2114DADE-9C1C-4018-BF20-33A6EB5CC532}.PSM|Windows Phone.Build.0 = Release|x86
		{2114DADE-9C1C-4018-BF20-33A6EB5CC532}.PSM|Windows Phone.Deploy.0 = Release|x86
		{2114DADE-9C1C-4018-BF20-33A6EB5CC532}.PSM|x64.ActiveCfg = Release|x64
		{2114DADE-9C1C-4018-BF20-33A6EB5CC532}.PSM|x64.Build.0 = Release|x64
		{2114DADE-9C1C-4018-BF20-33A6EB5CC532}.PSM|x64.Deploy.0 = Release|x64
		{2114DADE-9C1C-4018-BF20-33A6EB5CC532}.PSM|x86.ActiveCfg = Release|x86
		{2114DADE-9C1C-4018-BF20-33A6EB5CC532}.PSM|x86.Build.0 = Release|x86
		{2114DADE-9C1C-4018-BF20-33A6EB5CC532}.PSM|x86.Deploy.0 = Release|x86
		{2114DADE-9C1C-4018-BF20-33A6EB5CC532}.Release|Any CPU.ActiveCfg = Release|x86
		{2114DADE-9C1C-4018-BF20-33A6EB5CC532}.Release|ARM.ActiveCfg = Release|ARM
		{2114DADE-9C1C-4018-BF20-33A6EB5CC532}.Release|ARM.Build.0 = Release|ARM
		{2114DADE-9C1C-4018-BF20-33A6EB5CC532}.Release|ARM.Deploy.0 = Release|ARM
		{2114DADE-9C1C-4018-BF20-33A6EB5CC532}.Release|Mixed Platforms.ActiveCfg = Release|x86
		{2114DADE-9C1C-4018-BF20-33A6EB5CC532}.Release|Mixed Platforms.Build.0 = Release|x86
		{2114DADE-9C1C-4018-BF20-33A6EB5CC532}.Release|Mixed Platforms.Deploy.0 = Release|x86
		{2114DADE-9C1C-4018-BF20-33A6EB5CC532}.Release|Windows Phone.ActiveCfg = Release|x86
		{2114DADE-9C1C-4018-BF20-33A6EB5CC532}.Release|x64.ActiveCfg = Release|x64
		{2114DADE-9C1C-4018-BF20-33A6EB5CC532}.Release|x64.Build.0 = Release|x64
		{2114DADE-9C1C-4018-BF20-33A6EB5CC532}.Release|x64.Deploy.0 = Release|x64
		{2114DADE-9C1C-4018-BF20-33A6EB5CC532}.Release|x86.ActiveCfg = Release|x86
		{2114DADE-9C1C-4018-BF20-33A6EB5CC532}.Release|x86.Build.0 = Release|x86
		{2114DADE-9C1C-4018-BF20-33A6EB5CC532}.Release|x86.Deploy.0 = Release|x86
		{2114DADE-9C1C-4018-BF20-33A6EB5CC532}.Windows|Any CPU.ActiveCfg = Release|x86
		{2114DADE-9C1C-4018-BF20-33A6EB5CC532}.Windows|Any CPU.Build.0 = Release|x86
		{2114DADE-9C1C-4018-BF20-33A6EB5CC532}.Windows|Any CPU.Deploy.0 = Release|x86
		{2114DADE-9C1C-4018-BF20-33A6EB5CC532}.Windows|ARM.ActiveCfg = Release|ARM
		{2114DADE-9C1C-4018-BF20-33A6EB5CC532}.Windows|ARM.Build.0 = Release|ARM
		{2114DADE-9C1C-4018-BF20-33A6EB5CC532}.Windows|ARM.Deploy.0 = Release|ARM
		{2114DADE-9C1C-4018-BF20-33A6EB5CC532}.Windows|Mixed Platforms.ActiveCfg = Release|x86
		{2114DADE-9C1C-4018-BF20-33A6EB5CC532}.Windows|Mixed Platforms.Build.0 = Release|x86
		{2114DADE-9C1C-4018-BF20-33A6EB5CC532}.Windows|Mixed Platforms.Deploy.0 = Release|x86
		{2114DADE-9C1C-4018-BF20-33A6EB5CC532}.Windows|Windows Phone.ActiveCfg = Release|x86
		{2114DADE-9C1C-4018-BF20-33A6EB5CC532}.Windows|Windows Phone.Build.0 = Release|x86
		{2114DADE-9C1C-4018-BF20-33A6EB5CC532}.Windows|Windows Phone.Deploy.0 = Release|x86
		{2114DADE-9C1C-4018-BF20-33A6EB5CC532}.Windows|x64.ActiveCfg = Release|x64
		{2114DADE-9C1C-4018-BF20-33A6EB5CC532}.Windows|x64.Build.0 = Release|x64
		{2114DADE-9C1C-4018-BF20-33A6EB5CC532}.Windows|x64.Deploy.0 = Release|x64
		{2114DADE-9C1C-4018-BF20-33A6EB5CC532}.Windows|x86.ActiveCfg = Release|x86
		{2114DADE-9C1C-4018-BF20-33A6EB5CC532}.Windows|x86.Build.0 = Release|x86
		{2114DADE-9C1C-4018-BF20-33A6EB5CC532}.Windows|x86.Deploy.0 = Release|x86
		{2114DADE-9C1C-4018-BF20-33A6EB5CC532}.Windows8|Any CPU.ActiveCfg = Release|x86
		{2114DADE-9C1C-4018-BF20-33A6EB5CC532}.Windows8|Any CPU.Build.0 = Release|x86
		{2114DADE-9C1C-4018-BF20-33A6EB5CC532}.Windows8|Any CPU.Deploy.0 = Release|x86
		{2114DADE-9C1C-4018-BF20-33A6EB5CC532}.Windows8|ARM.ActiveCfg = Release|ARM
		{2114DADE-9C1C-4018-BF20-33A6EB5CC532}.Windows8|ARM.Build.0 = Release|ARM
		{2114DADE-9C1C-4018-BF20-33A6EB5CC532}.Windows8|ARM.Deploy.0 = Release|ARM
		{2114DADE-9C1C-4018-BF20-33A6EB5CC532}.Windows8|Mixed Platforms.ActiveCfg = Release|x86
		{2114DADE-9C1C-4018-BF20-33A6EB5CC532}.Windows8|Mixed Platforms.Build.0 = Release|x86
		{2114DADE-9C1C-4018-BF20-33A6EB5CC532}.Windows8|Mixed Platforms.Deploy.0 = Release|x86
		{2114DADE-9C1C-4018-BF20-33A6EB5CC532}.Windows8|Windows Phone.ActiveCfg = Release|x86
		{2114DADE-9C1C-4018-BF20-33A6EB5CC532}.Windows8|Windows Phone.Build.0 = Release|x86
		{2114DADE-9C1C-4018-BF20-33A6EB5CC532}.Windows8|Windows Phone.Deploy.0 = Release|x86
		{2114DADE-9C1C-4018-BF20-33A6EB5CC532}.Windows8|x64.ActiveCfg = Release|x64
		{2114DADE-9C1C-4018-BF20-33A6EB5CC532}.Windows8|x64.Build.0 = Release|x64
		{2114DADE-9C1C-4018-BF20-33A6EB5CC532}.Windows8|x64.Deploy.0 = Release|x64
		{2114DADE-9C1C-4018-BF20-33A6EB5CC532}.Windows8|x86.ActiveCfg = Release|x86
		{2114DADE-9C1C-4018-BF20-33A6EB5CC532}.Windows8|x86.Build.0 = Release|x86
		{2114DADE-9C1C-4018-BF20-33A6EB5CC532}.Windows8|x86.Deploy.0 = Release|x86
		{0D732920-8A73-449E-913A-891E37ED15DD}.Android|Any CPU.ActiveCfg = Release|Any CPU
		{0D732920-8A73-449E-913A-891E37ED15DD}.Android|Any CPU.Build.0 = Release|Any CPU
		{0D732920-8A73-449E-913A-891E37ED15DD}.Android|Any CPU.Deploy.0 = Release|Any CPU
		{0D732920-8A73-449E-913A-891E37ED15DD}.Android|ARM.ActiveCfg = Release|Any CPU
		{0D732920-8A73-449E-913A-891E37ED15DD}.Android|ARM.Build.0 = Release|Any CPU
		{0D732920-8A73-449E-913A-891E37ED15DD}.Android|ARM.Deploy.0 = Release|Any CPU
		{0D732920-8A73-449E-913A-891E37ED15DD}.Android|Mixed Platforms.ActiveCfg = Release|Any CPU
		{0D732920-8A73-449E-913A-891E37ED15DD}.Android|Mixed Platforms.Build.0 = Release|Any CPU
		{0D732920-8A73-449E-913A-891E37ED15DD}.Android|Mixed Platforms.Deploy.0 = Release|Any CPU
		{0D732920-8A73-449E-913A-891E37ED15DD}.Android|Windows Phone.ActiveCfg = Release|Any CPU
		{0D732920-8A73-449E-913A-891E37ED15DD}.Android|Windows Phone.Build.0 = Release|Any CPU
		{0D732920-8A73-449E-913A-891E37ED15DD}.Android|Windows Phone.Deploy.0 = Release|Any CPU
		{0D732920-8A73-449E-913A-891E37ED15DD}.Android|x64.ActiveCfg = Release|Any CPU
		{0D732920-8A73-449E-913A-891E37ED15DD}.Android|x64.Build.0 = Release|Any CPU
		{0D732920-8A73-449E-913A-891E37ED15DD}.Android|x64.Deploy.0 = Release|Any CPU
		{0D732920-8A73-449E-913A-891E37ED15DD}.Android|x86.ActiveCfg = Release|Any CPU
		{0D732920-8A73-449E-913A-891E37ED15DD}.Android|x86.Build.0 = Release|Any CPU
		{0D732920-8A73-449E-913A-891E37ED15DD}.Android|x86.Deploy.0 = Release|Any CPU
		{0D732920-8A73-449E-913A-891E37ED15DD}.Debug|Any CPU.ActiveCfg = Debug|Any CPU
		{0D732920-8A73-449E-913A-891E37ED15DD}.Debug|Any CPU.Build.0 = Debug|Any CPU
		{0D732920-8A73-449E-913A-891E37ED15DD}.Debug|Any CPU.Deploy.0 = Debug|Any CPU
		{0D732920-8A73-449E-913A-891E37ED15DD}.Debug|ARM.ActiveCfg = Debug|Any CPU
		{0D732920-8A73-449E-913A-891E37ED15DD}.Debug|ARM.Build.0 = Debug|Any CPU
		{0D732920-8A73-449E-913A-891E37ED15DD}.Debug|ARM.Deploy.0 = Debug|Any CPU
		{0D732920-8A73-449E-913A-891E37ED15DD}.Debug|Mixed Platforms.ActiveCfg = Debug|Any CPU
		{0D732920-8A73-449E-913A-891E37ED15DD}.Debug|Mixed Platforms.Build.0 = Debug|Any CPU
		{0D732920-8A73-449E-913A-891E37ED15DD}.Debug|Mixed Platforms.Deploy.0 = Debug|Any CPU
		{0D732920-8A73-449E-913A-891E37ED15DD}.Debug|Windows Phone.ActiveCfg = Debug|Any CPU
		{0D732920-8A73-449E-913A-891E37ED15DD}.Debug|Windows Phone.Build.0 = Debug|Any CPU
		{0D732920-8A73-449E-913A-891E37ED15DD}.Debug|Windows Phone.Deploy.0 = Debug|Any CPU
		{0D732920-8A73-449E-913A-891E37ED15DD}.Debug|x64.ActiveCfg = Debug|Any CPU
		{0D732920-8A73-449E-913A-891E37ED15DD}.Debug|x64.Build.0 = Debug|Any CPU
		{0D732920-8A73-449E-913A-891E37ED15DD}.Debug|x64.Deploy.0 = Debug|Any CPU
		{0D732920-8A73-449E-913A-891E37ED15DD}.Debug|x86.ActiveCfg = Debug|Any CPU
		{0D732920-8A73-449E-913A-891E37ED15DD}.Debug|x86.Build.0 = Debug|Any CPU
		{0D732920-8A73-449E-913A-891E37ED15DD}.Debug|x86.Deploy.0 = Debug|Any CPU
		{0D732920-8A73-449E-913A-891E37ED15DD}.iOS|Any CPU.ActiveCfg = Release|Any CPU
		{0D732920-8A73-449E-913A-891E37ED15DD}.iOS|Any CPU.Build.0 = Release|Any CPU
		{0D732920-8A73-449E-913A-891E37ED15DD}.iOS|Any CPU.Deploy.0 = Release|Any CPU
		{0D732920-8A73-449E-913A-891E37ED15DD}.iOS|ARM.ActiveCfg = Release|Any CPU
		{0D732920-8A73-449E-913A-891E37ED15DD}.iOS|ARM.Build.0 = Release|Any CPU
		{0D732920-8A73-449E-913A-891E37ED15DD}.iOS|ARM.Deploy.0 = Release|Any CPU
		{0D732920-8A73-449E-913A-891E37ED15DD}.iOS|Mixed Platforms.ActiveCfg = Release|Any CPU
		{0D732920-8A73-449E-913A-891E37ED15DD}.iOS|Mixed Platforms.Build.0 = Release|Any CPU
		{0D732920-8A73-449E-913A-891E37ED15DD}.iOS|Mixed Platforms.Deploy.0 = Release|Any CPU
		{0D732920-8A73-449E-913A-891E37ED15DD}.iOS|Windows Phone.ActiveCfg = Release|Any CPU
		{0D732920-8A73-449E-913A-891E37ED15DD}.iOS|Windows Phone.Build.0 = Release|Any CPU
		{0D732920-8A73-449E-913A-891E37ED15DD}.iOS|Windows Phone.Deploy.0 = Release|Any CPU
		{0D732920-8A73-449E-913A-891E37ED15DD}.iOS|x64.ActiveCfg = Release|Any CPU
		{0D732920-8A73-449E-913A-891E37ED15DD}.iOS|x64.Build.0 = Release|Any CPU
		{0D732920-8A73-449E-913A-891E37ED15DD}.iOS|x64.Deploy.0 = Release|Any CPU
		{0D732920-8A73-449E-913A-891E37ED15DD}.iOS|x86.ActiveCfg = Release|Any CPU
		{0D732920-8A73-449E-913A-891E37ED15DD}.iOS|x86.Build.0 = Release|Any CPU
		{0D732920-8A73-449E-913A-891E37ED15DD}.iOS|x86.Deploy.0 = Release|Any CPU
		{0D732920-8A73-449E-913A-891E37ED15DD}.Linux|Any CPU.ActiveCfg = Release|Any CPU
		{0D732920-8A73-449E-913A-891E37ED15DD}.Linux|Any CPU.Build.0 = Release|Any CPU
		{0D732920-8A73-449E-913A-891E37ED15DD}.Linux|Any CPU.Deploy.0 = Release|Any CPU
		{0D732920-8A73-449E-913A-891E37ED15DD}.Linux|ARM.ActiveCfg = Release|Any CPU
		{0D732920-8A73-449E-913A-891E37ED15DD}.Linux|ARM.Build.0 = Release|Any CPU
		{0D732920-8A73-449E-913A-891E37ED15DD}.Linux|ARM.Deploy.0 = Release|Any CPU
		{0D732920-8A73-449E-913A-891E37ED15DD}.Linux|Mixed Platforms.ActiveCfg = Release|Any CPU
		{0D732920-8A73-449E-913A-891E37ED15DD}.Linux|Mixed Platforms.Build.0 = Release|Any CPU
		{0D732920-8A73-449E-913A-891E37ED15DD}.Linux|Mixed Platforms.Deploy.0 = Release|Any CPU
		{0D732920-8A73-449E-913A-891E37ED15DD}.Linux|Windows Phone.ActiveCfg = Release|Any CPU
		{0D732920-8A73-449E-913A-891E37ED15DD}.Linux|Windows Phone.Build.0 = Release|Any CPU
		{0D732920-8A73-449E-913A-891E37ED15DD}.Linux|Windows Phone.Deploy.0 = Release|Any CPU
		{0D732920-8A73-449E-913A-891E37ED15DD}.Linux|x64.ActiveCfg = Release|Any CPU
		{0D732920-8A73-449E-913A-891E37ED15DD}.Linux|x64.Build.0 = Release|Any CPU
		{0D732920-8A73-449E-913A-891E37ED15DD}.Linux|x64.Deploy.0 = Release|Any CPU
		{0D732920-8A73-449E-913A-891E37ED15DD}.Linux|x86.ActiveCfg = Release|Any CPU
		{0D732920-8A73-449E-913A-891E37ED15DD}.Linux|x86.Build.0 = Release|Any CPU
		{0D732920-8A73-449E-913A-891E37ED15DD}.Linux|x86.Deploy.0 = Release|Any CPU
		{0D732920-8A73-449E-913A-891E37ED15DD}.OSX|Any CPU.ActiveCfg = Release|Any CPU
		{0D732920-8A73-449E-913A-891E37ED15DD}.OSX|Any CPU.Build.0 = Release|Any CPU
		{0D732920-8A73-449E-913A-891E37ED15DD}.OSX|Any CPU.Deploy.0 = Release|Any CPU
		{0D732920-8A73-449E-913A-891E37ED15DD}.OSX|ARM.ActiveCfg = Release|Any CPU
		{0D732920-8A73-449E-913A-891E37ED15DD}.OSX|ARM.Build.0 = Release|Any CPU
		{0D732920-8A73-449E-913A-891E37ED15DD}.OSX|ARM.Deploy.0 = Release|Any CPU
		{0D732920-8A73-449E-913A-891E37ED15DD}.OSX|Mixed Platforms.ActiveCfg = Release|Any CPU
		{0D732920-8A73-449E-913A-891E37ED15DD}.OSX|Mixed Platforms.Build.0 = Release|Any CPU
		{0D732920-8A73-449E-913A-891E37ED15DD}.OSX|Mixed Platforms.Deploy.0 = Release|Any CPU
		{0D732920-8A73-449E-913A-891E37ED15DD}.OSX|Windows Phone.ActiveCfg = Release|Any CPU
		{0D732920-8A73-449E-913A-891E37ED15DD}.OSX|Windows Phone.Build.0 = Release|Any CPU
		{0D732920-8A73-449E-913A-891E37ED15DD}.OSX|Windows Phone.Deploy.0 = Release|Any CPU
		{0D732920-8A73-449E-913A-891E37ED15DD}.OSX|x64.ActiveCfg = Release|Any CPU
		{0D732920-8A73-449E-913A-891E37ED15DD}.OSX|x64.Build.0 = Release|Any CPU
		{0D732920-8A73-449E-913A-891E37ED15DD}.OSX|x64.Deploy.0 = Release|Any CPU
		{0D732920-8A73-449E-913A-891E37ED15DD}.OSX|x86.ActiveCfg = Release|Any CPU
		{0D732920-8A73-449E-913A-891E37ED15DD}.OSX|x86.Build.0 = Release|Any CPU
		{0D732920-8A73-449E-913A-891E37ED15DD}.OSX|x86.Deploy.0 = Release|Any CPU
		{0D732920-8A73-449E-913A-891E37ED15DD}.PSM|Any CPU.ActiveCfg = Release|Any CPU
		{0D732920-8A73-449E-913A-891E37ED15DD}.PSM|Any CPU.Build.0 = Release|Any CPU
		{0D732920-8A73-449E-913A-891E37ED15DD}.PSM|Any CPU.Deploy.0 = Release|Any CPU
		{0D732920-8A73-449E-913A-891E37ED15DD}.PSM|ARM.ActiveCfg = Release|Any CPU
		{0D732920-8A73-449E-913A-891E37ED15DD}.PSM|ARM.Build.0 = Release|Any CPU
		{0D732920-8A73-449E-913A-891E37ED15DD}.PSM|ARM.Deploy.0 = Release|Any CPU
		{0D732920-8A73-449E-913A-891E37ED15DD}.PSM|Mixed Platforms.ActiveCfg = Release|Any CPU
		{0D732920-8A73-449E-913A-891E37ED15DD}.PSM|Mixed Platforms.Build.0 = Release|Any CPU
		{0D732920-8A73-449E-913A-891E37ED15DD}.PSM|Mixed Platforms.Deploy.0 = Release|Any CPU
		{0D732920-8A73-449E-913A-891E37ED15DD}.PSM|Windows Phone.ActiveCfg = Release|Any CPU
		{0D732920-8A73-449E-913A-891E37ED15DD}.PSM|Windows Phone.Build.0 = Release|Any CPU
		{0D732920-8A73-449E-913A-891E37ED15DD}.PSM|Windows Phone.Deploy.0 = Release|Any CPU
		{0D732920-8A73-449E-913A-891E37ED15DD}.PSM|x64.ActiveCfg = Release|Any CPU
		{0D732920-8A73-449E-913A-891E37ED15DD}.PSM|x64.Build.0 = Release|Any CPU
		{0D732920-8A73-449E-913A-891E37ED15DD}.PSM|x64.Deploy.0 = Release|Any CPU
		{0D732920-8A73-449E-913A-891E37ED15DD}.PSM|x86.ActiveCfg = Release|Any CPU
		{0D732920-8A73-449E-913A-891E37ED15DD}.PSM|x86.Build.0 = Release|Any CPU
		{0D732920-8A73-449E-913A-891E37ED15DD}.PSM|x86.Deploy.0 = Release|Any CPU
		{0D732920-8A73-449E-913A-891E37ED15DD}.Release|Any CPU.ActiveCfg = Release|Any CPU
		{0D732920-8A73-449E-913A-891E37ED15DD}.Release|Any CPU.Build.0 = Release|Any CPU
		{0D732920-8A73-449E-913A-891E37ED15DD}.Release|Any CPU.Deploy.0 = Release|Any CPU
		{0D732920-8A73-449E-913A-891E37ED15DD}.Release|ARM.ActiveCfg = Release|Any CPU
		{0D732920-8A73-449E-913A-891E37ED15DD}.Release|ARM.Build.0 = Release|Any CPU
		{0D732920-8A73-449E-913A-891E37ED15DD}.Release|ARM.Deploy.0 = Release|Any CPU
		{0D732920-8A73-449E-913A-891E37ED15DD}.Release|Mixed Platforms.ActiveCfg = Release|Any CPU
		{0D732920-8A73-449E-913A-891E37ED15DD}.Release|Mixed Platforms.Build.0 = Release|Any CPU
		{0D732920-8A73-449E-913A-891E37ED15DD}.Release|Mixed Platforms.Deploy.0 = Release|Any CPU
		{0D732920-8A73-449E-913A-891E37ED15DD}.Release|Windows Phone.ActiveCfg = Release|Any CPU
		{0D732920-8A73-449E-913A-891E37ED15DD}.Release|Windows Phone.Build.0 = Release|Any CPU
		{0D732920-8A73-449E-913A-891E37ED15DD}.Release|Windows Phone.Deploy.0 = Release|Any CPU
		{0D732920-8A73-449E-913A-891E37ED15DD}.Release|x64.ActiveCfg = Release|Any CPU
		{0D732920-8A73-449E-913A-891E37ED15DD}.Release|x64.Build.0 = Release|Any CPU
		{0D732920-8A73-449E-913A-891E37ED15DD}.Release|x64.Deploy.0 = Release|Any CPU
		{0D732920-8A73-449E-913A-891E37ED15DD}.Release|x86.ActiveCfg = Release|Any CPU
		{0D732920-8A73-449E-913A-891E37ED15DD}.Release|x86.Build.0 = Release|Any CPU
		{0D732920-8A73-449E-913A-891E37ED15DD}.Release|x86.Deploy.0 = Release|Any CPU
		{0D732920-8A73-449E-913A-891E37ED15DD}.Windows|Any CPU.ActiveCfg = Release|Any CPU
		{0D732920-8A73-449E-913A-891E37ED15DD}.Windows|Any CPU.Build.0 = Release|Any CPU
		{0D732920-8A73-449E-913A-891E37ED15DD}.Windows|Any CPU.Deploy.0 = Release|Any CPU
		{0D732920-8A73-449E-913A-891E37ED15DD}.Windows|ARM.ActiveCfg = Release|Any CPU
		{0D732920-8A73-449E-913A-891E37ED15DD}.Windows|ARM.Build.0 = Release|Any CPU
		{0D732920-8A73-449E-913A-891E37ED15DD}.Windows|ARM.Deploy.0 = Release|Any CPU
		{0D732920-8A73-449E-913A-891E37ED15DD}.Windows|Mixed Platforms.ActiveCfg = Release|Any CPU
		{0D732920-8A73-449E-913A-891E37ED15DD}.Windows|Mixed Platforms.Build.0 = Release|Any CPU
		{0D732920-8A73-449E-913A-891E37ED15DD}.Windows|Mixed Platforms.Deploy.0 = Release|Any CPU
		{0D732920-8A73-449E-913A-891E37ED15DD}.Windows|Windows Phone.ActiveCfg = Release|Any CPU
		{0D732920-8A73-449E-913A-891E37ED15DD}.Windows|Windows Phone.Build.0 = Release|Any CPU
		{0D732920-8A73-449E-913A-891E37ED15DD}.Windows|Windows Phone.Deploy.0 = Release|Any CPU
		{0D732920-8A73-449E-913A-891E37ED15DD}.Windows|x64.ActiveCfg = Release|Any CPU
		{0D732920-8A73-449E-913A-891E37ED15DD}.Windows|x64.Build.0 = Release|Any CPU
		{0D732920-8A73-449E-913A-891E37ED15DD}.Windows|x64.Deploy.0 = Release|Any CPU
		{0D732920-8A73-449E-913A-891E37ED15DD}.Windows|x86.ActiveCfg = Release|Any CPU
		{0D732920-8A73-449E-913A-891E37ED15DD}.Windows|x86.Build.0 = Release|Any CPU
		{0D732920-8A73-449E-913A-891E37ED15DD}.Windows|x86.Deploy.0 = Release|Any CPU
		{0D732920-8A73-449E-913A-891E37ED15DD}.Windows8|Any CPU.ActiveCfg = Release|Any CPU
		{0D732920-8A73-449E-913A-891E37ED15DD}.Windows8|Any CPU.Build.0 = Release|Any CPU
		{0D732920-8A73-449E-913A-891E37ED15DD}.Windows8|Any CPU.Deploy.0 = Release|Any CPU
		{0D732920-8A73-449E-913A-891E37ED15DD}.Windows8|ARM.ActiveCfg = Release|Any CPU
		{0D732920-8A73-449E-913A-891E37ED15DD}.Windows8|ARM.Build.0 = Release|Any CPU
		{0D732920-8A73-449E-913A-891E37ED15DD}.Windows8|ARM.Deploy.0 = Release|Any CPU
		{0D732920-8A73-449E-913A-891E37ED15DD}.Windows8|Mixed Platforms.ActiveCfg = Release|Any CPU
		{0D732920-8A73-449E-913A-891E37ED15DD}.Windows8|Mixed Platforms.Build.0 = Release|Any CPU
		{0D732920-8A73-449E-913A-891E37ED15DD}.Windows8|Mixed Platforms.Deploy.0 = Release|Any CPU
		{0D732920-8A73-449E-913A-891E37ED15DD}.Windows8|Windows Phone.ActiveCfg = Release|Any CPU
		{0D732920-8A73-449E-913A-891E37ED15DD}.Windows8|Windows Phone.Build.0 = Release|Any CPU
		{0D732920-8A73-449E-913A-891E37ED15DD}.Windows8|Windows Phone.Deploy.0 = Release|Any CPU
		{0D732920-8A73-449E-913A-891E37ED15DD}.Windows8|x64.ActiveCfg = Release|Any CPU
		{0D732920-8A73-449E-913A-891E37ED15DD}.Windows8|x64.Build.0 = Release|Any CPU
		{0D732920-8A73-449E-913A-891E37ED15DD}.Windows8|x64.Deploy.0 = Release|Any CPU
		{0D732920-8A73-449E-913A-891E37ED15DD}.Windows8|x86.ActiveCfg = Release|Any CPU
		{0D732920-8A73-449E-913A-891E37ED15DD}.Windows8|x86.Build.0 = Release|Any CPU
		{0D732920-8A73-449E-913A-891E37ED15DD}.Windows8|x86.Deploy.0 = Release|Any CPU
		{AE76E005-31EC-470B-BC0D-D6CAAA0D0F9B}.Android|Any CPU.ActiveCfg = Debug|Any CPU
		{AE76E005-31EC-470B-BC0D-D6CAAA0D0F9B}.Android|Any CPU.Build.0 = Debug|Any CPU
		{AE76E005-31EC-470B-BC0D-D6CAAA0D0F9B}.Android|ARM.ActiveCfg = Debug|Any CPU
		{AE76E005-31EC-470B-BC0D-D6CAAA0D0F9B}.Android|ARM.Build.0 = Debug|Any CPU
		{AE76E005-31EC-470B-BC0D-D6CAAA0D0F9B}.Android|Mixed Platforms.ActiveCfg = Debug|Any CPU
		{AE76E005-31EC-470B-BC0D-D6CAAA0D0F9B}.Android|Mixed Platforms.Build.0 = Debug|Any CPU
		{AE76E005-31EC-470B-BC0D-D6CAAA0D0F9B}.Android|Windows Phone.ActiveCfg = Debug|Any CPU
		{AE76E005-31EC-470B-BC0D-D6CAAA0D0F9B}.Android|Windows Phone.Build.0 = Debug|Any CPU
		{AE76E005-31EC-470B-BC0D-D6CAAA0D0F9B}.Android|x64.ActiveCfg = Debug|Any CPU
		{AE76E005-31EC-470B-BC0D-D6CAAA0D0F9B}.Android|x64.Build.0 = Debug|Any CPU
		{AE76E005-31EC-470B-BC0D-D6CAAA0D0F9B}.Android|x86.ActiveCfg = Debug|Any CPU
		{AE76E005-31EC-470B-BC0D-D6CAAA0D0F9B}.Android|x86.Build.0 = Debug|Any CPU
		{AE76E005-31EC-470B-BC0D-D6CAAA0D0F9B}.Debug|Any CPU.ActiveCfg = Debug|Any CPU
		{AE76E005-31EC-470B-BC0D-D6CAAA0D0F9B}.Debug|Any CPU.Build.0 = Debug|Any CPU
		{AE76E005-31EC-470B-BC0D-D6CAAA0D0F9B}.Debug|ARM.ActiveCfg = Debug|Any CPU
		{AE76E005-31EC-470B-BC0D-D6CAAA0D0F9B}.Debug|ARM.Build.0 = Debug|Any CPU
		{AE76E005-31EC-470B-BC0D-D6CAAA0D0F9B}.Debug|Mixed Platforms.ActiveCfg = Debug|Any CPU
		{AE76E005-31EC-470B-BC0D-D6CAAA0D0F9B}.Debug|Mixed Platforms.Build.0 = Debug|Any CPU
		{AE76E005-31EC-470B-BC0D-D6CAAA0D0F9B}.Debug|Windows Phone.ActiveCfg = Debug|Any CPU
		{AE76E005-31EC-470B-BC0D-D6CAAA0D0F9B}.Debug|Windows Phone.Build.0 = Debug|Any CPU
		{AE76E005-31EC-470B-BC0D-D6CAAA0D0F9B}.Debug|x64.ActiveCfg = Debug|Any CPU
		{AE76E005-31EC-470B-BC0D-D6CAAA0D0F9B}.Debug|x64.Build.0 = Debug|Any CPU
		{AE76E005-31EC-470B-BC0D-D6CAAA0D0F9B}.Debug|x86.ActiveCfg = Debug|Any CPU
		{AE76E005-31EC-470B-BC0D-D6CAAA0D0F9B}.Debug|x86.Build.0 = Debug|Any CPU
		{AE76E005-31EC-470B-BC0D-D6CAAA0D0F9B}.iOS|Any CPU.ActiveCfg = Debug|Any CPU
		{AE76E005-31EC-470B-BC0D-D6CAAA0D0F9B}.iOS|Any CPU.Build.0 = Debug|Any CPU
		{AE76E005-31EC-470B-BC0D-D6CAAA0D0F9B}.iOS|ARM.ActiveCfg = Debug|Any CPU
		{AE76E005-31EC-470B-BC0D-D6CAAA0D0F9B}.iOS|ARM.Build.0 = Debug|Any CPU
		{AE76E005-31EC-470B-BC0D-D6CAAA0D0F9B}.iOS|Mixed Platforms.ActiveCfg = Debug|Any CPU
		{AE76E005-31EC-470B-BC0D-D6CAAA0D0F9B}.iOS|Mixed Platforms.Build.0 = Debug|Any CPU
		{AE76E005-31EC-470B-BC0D-D6CAAA0D0F9B}.iOS|Windows Phone.ActiveCfg = Debug|Any CPU
		{AE76E005-31EC-470B-BC0D-D6CAAA0D0F9B}.iOS|Windows Phone.Build.0 = Debug|Any CPU
		{AE76E005-31EC-470B-BC0D-D6CAAA0D0F9B}.iOS|x64.ActiveCfg = Debug|Any CPU
		{AE76E005-31EC-470B-BC0D-D6CAAA0D0F9B}.iOS|x64.Build.0 = Debug|Any CPU
		{AE76E005-31EC-470B-BC0D-D6CAAA0D0F9B}.iOS|x86.ActiveCfg = Debug|Any CPU
		{AE76E005-31EC-470B-BC0D-D6CAAA0D0F9B}.iOS|x86.Build.0 = Debug|Any CPU
		{AE76E005-31EC-470B-BC0D-D6CAAA0D0F9B}.Linux|Any CPU.ActiveCfg = Debug|Any CPU
		{AE76E005-31EC-470B-BC0D-D6CAAA0D0F9B}.Linux|Any CPU.Build.0 = Debug|Any CPU
		{AE76E005-31EC-470B-BC0D-D6CAAA0D0F9B}.Linux|ARM.ActiveCfg = Debug|Any CPU
		{AE76E005-31EC-470B-BC0D-D6CAAA0D0F9B}.Linux|ARM.Build.0 = Debug|Any CPU
		{AE76E005-31EC-470B-BC0D-D6CAAA0D0F9B}.Linux|Mixed Platforms.ActiveCfg = Debug|Any CPU
		{AE76E005-31EC-470B-BC0D-D6CAAA0D0F9B}.Linux|Mixed Platforms.Build.0 = Debug|Any CPU
		{AE76E005-31EC-470B-BC0D-D6CAAA0D0F9B}.Linux|Windows Phone.ActiveCfg = Debug|Any CPU
		{AE76E005-31EC-470B-BC0D-D6CAAA0D0F9B}.Linux|Windows Phone.Build.0 = Debug|Any CPU
		{AE76E005-31EC-470B-BC0D-D6CAAA0D0F9B}.Linux|x64.ActiveCfg = Debug|Any CPU
		{AE76E005-31EC-470B-BC0D-D6CAAA0D0F9B}.Linux|x64.Build.0 = Debug|Any CPU
		{AE76E005-31EC-470B-BC0D-D6CAAA0D0F9B}.Linux|x86.ActiveCfg = Debug|Any CPU
		{AE76E005-31EC-470B-BC0D-D6CAAA0D0F9B}.Linux|x86.Build.0 = Debug|Any CPU
		{AE76E005-31EC-470B-BC0D-D6CAAA0D0F9B}.OSX|Any CPU.ActiveCfg = Debug|Any CPU
		{AE76E005-31EC-470B-BC0D-D6CAAA0D0F9B}.OSX|Any CPU.Build.0 = Debug|Any CPU
		{AE76E005-31EC-470B-BC0D-D6CAAA0D0F9B}.OSX|ARM.ActiveCfg = Debug|Any CPU
		{AE76E005-31EC-470B-BC0D-D6CAAA0D0F9B}.OSX|ARM.Build.0 = Debug|Any CPU
		{AE76E005-31EC-470B-BC0D-D6CAAA0D0F9B}.OSX|Mixed Platforms.ActiveCfg = Debug|Any CPU
		{AE76E005-31EC-470B-BC0D-D6CAAA0D0F9B}.OSX|Mixed Platforms.Build.0 = Debug|Any CPU
		{AE76E005-31EC-470B-BC0D-D6CAAA0D0F9B}.OSX|Windows Phone.ActiveCfg = Debug|Any CPU
		{AE76E005-31EC-470B-BC0D-D6CAAA0D0F9B}.OSX|Windows Phone.Build.0 = Debug|Any CPU
		{AE76E005-31EC-470B-BC0D-D6CAAA0D0F9B}.OSX|x64.ActiveCfg = Debug|Any CPU
		{AE76E005-31EC-470B-BC0D-D6CAAA0D0F9B}.OSX|x64.Build.0 = Debug|Any CPU
		{AE76E005-31EC-470B-BC0D-D6CAAA0D0F9B}.OSX|x86.ActiveCfg = Debug|Any CPU
		{AE76E005-31EC-470B-BC0D-D6CAAA0D0F9B}.OSX|x86.Build.0 = Debug|Any CPU
		{AE76E005-31EC-470B-BC0D-D6CAAA0D0F9B}.PSM|Any CPU.ActiveCfg = Debug|Any CPU
		{AE76E005-31EC-470B-BC0D-D6CAAA0D0F9B}.PSM|Any CPU.Build.0 = Debug|Any CPU
		{AE76E005-31EC-470B-BC0D-D6CAAA0D0F9B}.PSM|ARM.ActiveCfg = Debug|Any CPU
		{AE76E005-31EC-470B-BC0D-D6CAAA0D0F9B}.PSM|ARM.Build.0 = Debug|Any CPU
		{AE76E005-31EC-470B-BC0D-D6CAAA0D0F9B}.PSM|Mixed Platforms.ActiveCfg = Debug|Any CPU
		{AE76E005-31EC-470B-BC0D-D6CAAA0D0F9B}.PSM|Mixed Platforms.Build.0 = Debug|Any CPU
		{AE76E005-31EC-470B-BC0D-D6CAAA0D0F9B}.PSM|Windows Phone.ActiveCfg = Debug|Any CPU
		{AE76E005-31EC-470B-BC0D-D6CAAA0D0F9B}.PSM|Windows Phone.Build.0 = Debug|Any CPU
		{AE76E005-31EC-470B-BC0D-D6CAAA0D0F9B}.PSM|x64.ActiveCfg = Debug|Any CPU
		{AE76E005-31EC-470B-BC0D-D6CAAA0D0F9B}.PSM|x64.Build.0 = Debug|Any CPU
		{AE76E005-31EC-470B-BC0D-D6CAAA0D0F9B}.PSM|x86.ActiveCfg = Debug|Any CPU
		{AE76E005-31EC-470B-BC0D-D6CAAA0D0F9B}.PSM|x86.Build.0 = Debug|Any CPU
		{AE76E005-31EC-470B-BC0D-D6CAAA0D0F9B}.Release|Any CPU.ActiveCfg = Release|Any CPU
		{AE76E005-31EC-470B-BC0D-D6CAAA0D0F9B}.Release|Any CPU.Build.0 = Release|Any CPU
		{AE76E005-31EC-470B-BC0D-D6CAAA0D0F9B}.Release|ARM.ActiveCfg = Release|Any CPU
		{AE76E005-31EC-470B-BC0D-D6CAAA0D0F9B}.Release|ARM.Build.0 = Release|Any CPU
		{AE76E005-31EC-470B-BC0D-D6CAAA0D0F9B}.Release|Mixed Platforms.ActiveCfg = Release|Any CPU
		{AE76E005-31EC-470B-BC0D-D6CAAA0D0F9B}.Release|Mixed Platforms.Build.0 = Release|Any CPU
		{AE76E005-31EC-470B-BC0D-D6CAAA0D0F9B}.Release|Windows Phone.ActiveCfg = Release|Any CPU
		{AE76E005-31EC-470B-BC0D-D6CAAA0D0F9B}.Release|Windows Phone.Build.0 = Release|Any CPU
		{AE76E005-31EC-470B-BC0D-D6CAAA0D0F9B}.Release|x64.ActiveCfg = Release|Any CPU
		{AE76E005-31EC-470B-BC0D-D6CAAA0D0F9B}.Release|x64.Build.0 = Release|Any CPU
		{AE76E005-31EC-470B-BC0D-D6CAAA0D0F9B}.Release|x86.ActiveCfg = Release|Any CPU
		{AE76E005-31EC-470B-BC0D-D6CAAA0D0F9B}.Release|x86.Build.0 = Release|Any CPU
		{AE76E005-31EC-470B-BC0D-D6CAAA0D0F9B}.Windows|Any CPU.ActiveCfg = Debug|Any CPU
		{AE76E005-31EC-470B-BC0D-D6CAAA0D0F9B}.Windows|Any CPU.Build.0 = Debug|Any CPU
		{AE76E005-31EC-470B-BC0D-D6CAAA0D0F9B}.Windows|ARM.ActiveCfg = Debug|Any CPU
		{AE76E005-31EC-470B-BC0D-D6CAAA0D0F9B}.Windows|ARM.Build.0 = Debug|Any CPU
		{AE76E005-31EC-470B-BC0D-D6CAAA0D0F9B}.Windows|Mixed Platforms.ActiveCfg = Debug|Any CPU
		{AE76E005-31EC-470B-BC0D-D6CAAA0D0F9B}.Windows|Mixed Platforms.Build.0 = Debug|Any CPU
		{AE76E005-31EC-470B-BC0D-D6CAAA0D0F9B}.Windows|Windows Phone.ActiveCfg = Debug|Any CPU
		{AE76E005-31EC-470B-BC0D-D6CAAA0D0F9B}.Windows|Windows Phone.Build.0 = Debug|Any CPU
		{AE76E005-31EC-470B-BC0D-D6CAAA0D0F9B}.Windows|x64.ActiveCfg = Debug|Any CPU
		{AE76E005-31EC-470B-BC0D-D6CAAA0D0F9B}.Windows|x64.Build.0 = Debug|Any CPU
		{AE76E005-31EC-470B-BC0D-D6CAAA0D0F9B}.Windows|x86.ActiveCfg = Debug|Any CPU
		{AE76E005-31EC-470B-BC0D-D6CAAA0D0F9B}.Windows|x86.Build.0 = Debug|Any CPU
		{AE76E005-31EC-470B-BC0D-D6CAAA0D0F9B}.Windows8|Any CPU.ActiveCfg = Debug|Any CPU
		{AE76E005-31EC-470B-BC0D-D6CAAA0D0F9B}.Windows8|Any CPU.Build.0 = Debug|Any CPU
		{AE76E005-31EC-470B-BC0D-D6CAAA0D0F9B}.Windows8|ARM.ActiveCfg = Debug|Any CPU
		{AE76E005-31EC-470B-BC0D-D6CAAA0D0F9B}.Windows8|ARM.Build.0 = Debug|Any CPU
		{AE76E005-31EC-470B-BC0D-D6CAAA0D0F9B}.Windows8|Mixed Platforms.ActiveCfg = Debug|Any CPU
		{AE76E005-31EC-470B-BC0D-D6CAAA0D0F9B}.Windows8|Mixed Platforms.Build.0 = Debug|Any CPU
		{AE76E005-31EC-470B-BC0D-D6CAAA0D0F9B}.Windows8|Windows Phone.ActiveCfg = Debug|Any CPU
		{AE76E005-31EC-470B-BC0D-D6CAAA0D0F9B}.Windows8|Windows Phone.Build.0 = Debug|Any CPU
		{AE76E005-31EC-470B-BC0D-D6CAAA0D0F9B}.Windows8|x64.ActiveCfg = Debug|Any CPU
		{AE76E005-31EC-470B-BC0D-D6CAAA0D0F9B}.Windows8|x64.Build.0 = Debug|Any CPU
		{AE76E005-31EC-470B-BC0D-D6CAAA0D0F9B}.Windows8|x86.ActiveCfg = Debug|Any CPU
		{AE76E005-31EC-470B-BC0D-D6CAAA0D0F9B}.Windows8|x86.Build.0 = Debug|Any CPU
	EndGlobalSection
	GlobalSection(SolutionProperties) = preSolution
		HideSolutionNode = FALSE
	EndGlobalSection
	GlobalSection(ExtensibilityGlobals) = postSolution
		SolutionGuid = {8EACA6F5-1BFC-4494-B8BB-D4C88AC3ACFA}
	EndGlobalSection
	GlobalSection(TeamFoundationVersionControl) = preSolution
		SccNumberOfProjects = 5
		SccEnterpriseProvider = {4CA58AB2-18FA-4F8D-95D4-32DDF27D184C}
		SccTeamFoundationServer = https://fhnaseer.visualstudio.com/
		SccLocalPath0 = .
		SccProjectUniqueName1 = ThakurEscape.Windows\\ThakurEscape.Windows.csproj
		SccProjectName1 = ThakurEscape.Windows
		SccLocalPath1 = ThakurEscape.Windows
		SccProjectUniqueName2 = ThakurEscape.Universal\\ThakurEscape.Universal.csproj
		SccProjectName2 = ThakurEscape.Universal
		SccLocalPath2 = ThakurEscape.Universal
		SccProjectUniqueName3 = ThakurEscape.Android\\ThakurEscape.Android.csproj
		SccProjectName3 = ThakurEscape.Android
		SccLocalPath3 = ThakurEscape.Android
		SccProjectUniqueName4 = ThakurEscape.Game\\ThakurEscape.Game.csproj
		SccProjectName4 = ThakurEscape.Game
		SccLocalPath4 = ThakurEscape.Game
	EndGlobalSection
EndGlobal
